
Microsoft Visual Studio Solution File, Format Version 12.00
# Visual Studio 15
VisualStudioVersion = 15.0.26124.0
MinimumVisualStudioVersion = 15.0.26124.0
Project("{FAE04EC0-301F-11D3-BF4B-00C04F79EFBC}") = "Domain", "Domain\Domain.csproj", "{2FFD1A5B-CD9B-4EBD-8AC5-6CE8BBC14EDF}"
EndProject
Project("{FAE04EC0-301F-11D3-BF4B-00C04F79EFBC}") = "Application", "Application\Application.csproj", "{3C554895-E277-4CBF-B674-C89A6C822988}"
EndProject
Project("{FAE04EC0-301F-11D3-BF4B-00C04F79EFBC}") = "Persistence", "Persistence\Persistence.csproj", "{F2D5DB8E-5C3A-4515-8E0A-1BF9B49FD847}"
EndProject
Project("{FAE04EC0-301F-11D3-BF4B-00C04F79EFBC}") = "API", "API\API.csproj", "{955D85D1-53C7-4B94-8C3E-924CE3C20E6B}"
EndProject
Global
	GlobalSection(SolutionConfigurationPlatforms) = preSolution
		Debug|Any CPU = Debug|Any CPU
		Debug|x64 = Debug|x64
		Debug|x86 = Debug|x86
		Release|Any CPU = Release|Any CPU
		Release|x64 = Release|x64
		Release|x86 = Release|x86
	EndGlobalSection
	GlobalSection(SolutionProperties) = preSolution
		HideSolutionNode = FALSE
	EndGlobalSection
	GlobalSection(ProjectConfigurationPlatforms) = postSolution
		{2FFD1A5B-CD9B-4EBD-8AC5-6CE8BBC14EDF}.Debug|Any CPU.ActiveCfg = Debug|Any CPU
		{2FFD1A5B-CD9B-4EBD-8AC5-6CE8BBC14EDF}.Debug|Any CPU.Build.0 = Debug|Any CPU
		{2FFD1A5B-CD9B-4EBD-8AC5-6CE8BBC14EDF}.Debug|x64.ActiveCfg = Debug|Any CPU
		{2FFD1A5B-CD9B-4EBD-8AC5-6CE8BBC14EDF}.Debug|x64.Build.0 = Debug|Any CPU
		{2FFD1A5B-CD9B-4EBD-8AC5-6CE8BBC14EDF}.Debug|x86.ActiveCfg = Debug|Any CPU
		{2FFD1A5B-CD9B-4EBD-8AC5-6CE8BBC14EDF}.Debug|x86.Build.0 = Debug|Any CPU
		{2FFD1A5B-CD9B-4EBD-8AC5-6CE8BBC14EDF}.Release|Any CPU.ActiveCfg = Release|Any CPU
		{2FFD1A5B-CD9B-4EBD-8AC5-6CE8BBC14EDF}.Release|Any CPU.Build.0 = Release|Any CPU
		{2FFD1A5B-CD9B-4EBD-8AC5-6CE8BBC14EDF}.Release|x64.ActiveCfg = Release|Any CPU
		{2FFD1A5B-CD9B-4EBD-8AC5-6CE8BBC14EDF}.Release|x64.Build.0 = Release|Any CPU
		{2FFD1A5B-CD9B-4EBD-8AC5-6CE8BBC14EDF}.Release|x86.ActiveCfg = Release|Any CPU
		{2FFD1A5B-CD9B-4EBD-8AC5-6CE8BBC14EDF}.Release|x86.Build.0 = Release|Any CPU
		{3C554895-E277-4CBF-B674-C89A6C822988}.Debug|Any CPU.ActiveCfg = Debug|Any CPU
		{3C554895-E277-4CBF-B674-C89A6C822988}.Debug|Any CPU.Build.0 = Debug|Any CPU
		{3C554895-E277-4CBF-B674-C89A6C822988}.Debug|x64.ActiveCfg = Debug|Any CPU
		{3C554895-E277-4CBF-B674-C89A6C822988}.Debug|x64.Build.0 = Debug|Any CPU
		{3C554895-E277-4CBF-B674-C89A6C822988}.Debug|x86.ActiveCfg = Debug|Any CPU
		{3C554895-E277-4CBF-B674-C89A6C822988}.Debug|x86.Build.0 = Debug|Any CPU
		{3C554895-E277-4CBF-B674-C89A6C822988}.Release|Any CPU.ActiveCfg = Release|Any CPU
		{3C554895-E277-4CBF-B674-C89A6C822988}.Release|Any CPU.Build.0 = Release|Any CPU
		{3C554895-E277-4CBF-B674-C89A6C822988}.Release|x64.ActiveCfg = Release|Any CPU
		{3C554895-E277-4CBF-B674-C89A6C822988}.Release|x64.Build.0 = Release|Any CPU
		{3C554895-E277-4CBF-B674-C89A6C822988}.Release|x86.ActiveCfg = Release|Any CPU
		{3C554895-E277-4CBF-B674-C89A6C822988}.Release|x86.Build.0 = Release|Any CPU
		{F2D5DB8E-5C3A-4515-8E0A-1BF9B49FD847}.Debug|Any CPU.ActiveCfg = Debug|Any CPU
		{F2D5DB8E-5C3A-4515-8E0A-1BF9B49FD847}.Debug|Any CPU.Build.0 = Debug|Any CPU
		{F2D5DB8E-5C3A-4515-8E0A-1BF9B49FD847}.Debug|x64.ActiveCfg = Debug|Any CPU
		{F2D5DB8E-5C3A-4515-8E0A-1BF9B49FD847}.Debug|x64.Build.0 = Debug|Any CPU
		{F2D5DB8E-5C3A-4515-8E0A-1BF9B49FD847}.Debug|x86.ActiveCfg = Debug|Any CPU
		{F2D5DB8E-5C3A-4515-8E0A-1BF9B49FD847}.Debug|x86.Build.0 = Debug|Any CPU
		{F2D5DB8E-5C3A-4515-8E0A-1BF9B49FD847}.Release|Any CPU.ActiveCfg = Release|Any CPU
		{F2D5DB8E-5C3A-4515-8E0A-1BF9B49FD847}.Release|Any CPU.Build.0 = Release|Any CPU
		{F2D5DB8E-5C3A-4515-8E0A-1BF9B49FD847}.Release|x64.ActiveCfg = Release|Any CPU
		{F2D5DB8E-5C3A-4515-8E0A-1BF9B49FD847}.Release|x64.Build.0 = Release|Any CPU
		{F2D5DB8E-5C3A-4515-8E0A-1BF9B49FD847}.Release|x86.ActiveCfg = Release|Any CPU
		{F2D5DB8E-5C3A-4515-8E0A-1BF9B49FD847}.Release|x86.Build.0 = Release|Any CPU
		{955D85D1-53C7-4B94-8C3E-924CE3C20E6B}.Debug|Any CPU.ActiveCfg = Debug|Any CPU
		{955D85D1-53C7-4B94-8C3E-924CE3C20E6B}.Debug|Any CPU.Build.0 = Debug|Any CPU
		{955D85D1-53C7-4B94-8C3E-924CE3C20E6B}.Debug|x64.ActiveCfg = Debug|Any CPU
		{955D85D1-53C7-4B94-8C3E-924CE3C20E6B}.Debug|x64.Build.0 = Debug|Any CPU
		{955D85D1-53C7-4B94-8C3E-924CE3C20E6B}.Debug|x86.ActiveCfg = Debug|Any CPU
		{955D85D1-53C7-4B94-8C3E-924CE3C20E6B}.Debug|x86.Build.0 = Debug|Any CPU
		{955D85D1-53C7-4B94-8C3E-924CE3C20E6B}.Release|Any CPU.ActiveCfg = Release|Any CPU
		{955D85D1-53C7-4B94-8C3E-924CE3C20E6B}.Release|Any CPU.Build.0 = Release|Any CPU
		{955D85D1-53C7-4B94-8C3E-924CE3C20E6B}.Release|x64.ActiveCfg = Release|Any CPU
		{955D85D1-53C7-4B94-8C3E-924CE3C20E6B}.Release|x64.Build.0 = Release|Any CPU
		{955D85D1-53C7-4B94-8C3E-924CE3C20E6B}.Release|x86.ActiveCfg = Release|Any CPU
		{955D85D1-53C7-4B94-8C3E-924CE3C20E6B}.Release|x86.Build.0 = Release|Any CPU
	EndGlobalSection
EndGlobal
